
Microsoft Visual Studio Solution File, Format Version 12.00
# Visual Studio Version 17
VisualStudioVersion = 17.2.32602.215
MinimumVisualStudioVersion = 10.0.40219.1
Project("{FAE04EC0-301F-11D3-BF4B-00C04F79EFBC}") = "Lexicon_MVC", "Lexicon_MVC\Lexicon_MVC.csproj", "{74E21925-DFB3-48AE-BB7F-A948E0934083}"
EndProject
Global
	GlobalSection(SolutionConfigurationPlatforms) = preSolution
		Debug|Any CPU = Debug|Any CPU
		Release|Any CPU = Release|Any CPU
	EndGlobalSection
	GlobalSection(ProjectConfigurationPlatforms) = postSolution
		{74E21925-DFB3-48AE-BB7F-A948E0934083}.Debug|Any CPU.ActiveCfg = Debug|Any CPU
		{74E21925-DFB3-48AE-BB7F-A948E0934083}.Debug|Any CPU.Build.0 = Debug|Any CPU
		{74E21925-DFB3-48AE-BB7F-A948E0934083}.Release|Any CPU.ActiveCfg = Release|Any CPU
		{74E21925-DFB3-48AE-BB7F-A948E0934083}.Release|Any CPU.Build.0 = Release|Any CPU
	EndGlobalSection
	GlobalSection(SolutionProperties) = preSolution
		HideSolutionNode = FALSE
	EndGlobalSection
	GlobalSection(ExtensibilityGlobals) = postSolution
		SolutionGuid = {D4CD616B-81DB-4A45-B934-A9A1E2BA3B38}
	EndGlobalSection
EndGlobal
